client:
  files:
    /etc/ssh/ssh_config: >
      Host test
        HostName 127.0.0.1
        Port 2222
        User openremotessh
        Password openremotessh
    /bin/vscodium/app/product.json: >
      {
        "nameShort": "VSCodium",
        "nameLong": "VSCodium",
        "applicationName": "codium",
        "quality": "stable",
        "commit": "tscode",
        "version": "1.126.04524",
        "serverApplicationName": "codium-server",
        "serverDataFolderName": ".vscodium-server"
      }
server:
  image: local-ubuntu-noflock
  username: openremotessh
  password: openremotessh
